
Microsoft Visual Studio Solution File, Format Version 12.00
# Visual Studio 15
VisualStudioVersion = 15.0.28010.2016
MinimumVisualStudioVersion = 10.0.40219.1
Project("{FAE04EC0-301F-11D3-BF4B-00C04F79EFBC}") = "RPCServer", "RPCServer\RPCServer.csproj", "{58E5EB2D-FD22-4079-BA0E-F9644E3FA6BB}"
EndProject
Global
	GlobalSection(SolutionConfigurationPlatforms) = preSolution
		Debug|Any CPU = Debug|Any CPU
		Release|Any CPU = Release|Any CPU
	EndGlobalSection
	GlobalSection(ProjectConfigurationPlatforms) = postSolution
		{58E5EB2D-FD22-4079-BA0E-F9644E3FA6BB}.Debug|Any CPU.ActiveCfg = Debug|Any CPU
		{58E5EB2D-FD22-4079-BA0E-F9644E3FA6BB}.Debug|Any CPU.Build.0 = Debug|Any CPU
		{58E5EB2D-FD22-4079-BA0E-F9644E3FA6BB}.Release|Any CPU.ActiveCfg = Release|Any CPU
		{58E5EB2D-FD22-4079-BA0E-F9644E3FA6BB}.Release|Any CPU.Build.0 = Release|Any CPU
	EndGlobalSection
	GlobalSection(SolutionProperties) = preSolution
		HideSolutionNode = FALSE
	EndGlobalSection
	GlobalSection(ExtensibilityGlobals) = postSolution
		SolutionGuid = {5925B9A1-DCFE-4CC5-8350-124E7EA29D71}
	EndGlobalSection
EndGlobal
